
Microsoft Visual Studio Solution File, Format Version 12.00
# Visual Studio Version 17
VisualStudioVersion = 17.13.35931.197 d17.13
MinimumVisualStudioVersion = 10.0.40219.1
Project("{8BC9CEB8-8B4A-11D0-8D11-00A0C91BC942}") = "Pr9OPC", "Pr9OPC\Pr9OPC.vcxproj", "{9E8F0030-7F13-4167-A437-DC1A78C8EDE7}"
EndProject
Global
	GlobalSection(SolutionConfigurationPlatforms) = preSolution
		Debug|x64 = Debug|x64
		Debug|x86 = Debug|x86
		Release|x64 = Release|x64
		Release|x86 = Release|x86
	EndGlobalSection
	GlobalSection(ProjectConfigurationPlatforms) = postSolution
		{9E8F0030-7F13-4167-A437-DC1A78C8EDE7}.Debug|x64.ActiveCfg = Debug|x64
		{9E8F0030-7F13-4167-A437-DC1A78C8EDE7}.Debug|x64.Build.0 = Debug|x64
		{9E8F0030-7F13-4167-A437-DC1A78C8EDE7}.Debug|x86.ActiveCfg = Debug|Win32
		{9E8F0030-7F13-4167-A437-DC1A78C8EDE7}.Debug|x86.Build.0 = Debug|Win32
		{9E8F0030-7F13-4167-A437-DC1A78C8EDE7}.Release|x64.ActiveCfg = Release|x64
		{9E8F0030-7F13-4167-A437-DC1A78C8EDE7}.Release|x64.Build.0 = Release|x64
		{9E8F0030-7F13-4167-A437-DC1A78C8EDE7}.Release|x86.ActiveCfg = Release|Win32
		{9E8F0030-7F13-4167-A437-DC1A78C8EDE7}.Release|x86.Build.0 = Release|Win32
	EndGlobalSection
	GlobalSection(SolutionProperties) = preSolution
		HideSolutionNode = FALSE
	EndGlobalSection
	GlobalSection(ExtensibilityGlobals) = postSolution
		SolutionGuid = {0840AA53-9C88-4E23-8CC9-D8C729EAD31B}
	EndGlobalSection
EndGlobal
